// !$*UTF8*$!
{
	archiveVersion = 1;
	classes = {
	};
	objectVersion = 55;
	objects = {

/* Begin PBXBuildFile section */
		BD582B7C28AA84D600D4A040 /* AppDelegate.swift in Sources */ = {isa = PBXBuildFile; fileRef = BD582B7B28AA84D600D4A040 /* AppDelegate.swift */; };
		BD582B7E28AA84D600D4A040 /* SceneDelegate.swift in Sources */ = {isa = PBXBuildFile; fileRef = BD582B7D28AA84D600D4A040 /* SceneDelegate.swift */; };
		BD582B8328AA84D600D4A040 /* Main.storyboard in Resources */ = {isa = PBXBuildFile; fileRef = BD582B8128AA84D600D4A040 /* Main.storyboard */; };
		BD582B8628AA84D600D4A040 /* to_do_list.xcdatamodeld in Sources */ = {isa = PBXBuildFile; fileRef = BD582B8428AA84D600D4A040 /* to_do_list.xcdatamodeld */; };
		BD582B8828AA84D800D4A040 /* Assets.xcassets in Resources */ = {isa = PBXBuildFile; fileRef = BD582B8728AA84D800D4A040 /* Assets.xcassets */; };
		BD582B8B28AA84D800D4A040 /* LaunchScreen.storyboard in Resources */ = {isa = PBXBuildFile; fileRef = BD582B8928AA84D800D4A040 /* LaunchScreen.storyboard */; };
		BD582B9628AA84D800D4A040 /* to_do_listTests.swift in Sources */ = {isa = PBXBuildFile; fileRef = BD582B9528AA84D800D4A040 /* to_do_listTests.swift */; };
		BD582BA028AA84D800D4A040 /* to_do_listUITests.swift in Sources */ = {isa = PBXBuildFile; fileRef = BD582B9F28AA84D800D4A040 /* to_do_listUITests.swift */; };
		BD582BA228AA84D800D4A040 /* to_do_listUITestsLaunchTests.swift in Sources */ = {isa = PBXBuildFile; fileRef = BD582BA128AA84D800D4A040 /* to_do_listUITestsLaunchTests.swift */; };
		BD582BAF28AA868B00D4A040 /* ToDoTableViewController.swift in Sources */ = {isa = PBXBuildFile; fileRef = BD582BAE28AA868B00D4A040 /* ToDoTableViewController.swift */; };
		BD582BB128AA86D100D4A040 /* ToDo.swift in Sources */ = {isa = PBXBuildFile; fileRef = BD582BB028AA86D100D4A040 /* ToDo.swift */; };
/* End PBXBuildFile section */

/* Begin PBXContainerItemProxy section */
		BD582B9228AA84D800D4A040 /* PBXContainerItemProxy */ = {
			isa = PBXContainerItemProxy;
			containerPortal = BD582B7028AA84D600D4A040 /* Project object */;
			proxyType = 1;
			remoteGlobalIDString = BD582B7728AA84D600D4A040;
			remoteInfo = "to do list";
		};
		BD582B9C28AA84D800D4A040 /* PBXContainerItemProxy */ = {
			isa = PBXContainerItemProxy;
			containerPortal = BD582B7028AA84D600D4A040 /* Project object */;
			proxyType = 1;
			remoteGlobalIDString = BD582B7728AA84D600D4A040;
			remoteInfo = "to do list";
		};
/* End PBXContainerItemProxy section */

/* Begin PBXFileReference section */
		BD582B7828AA84D600D4A040 /* to do list.app */ = {isa = PBXFileReference; explicitFileType = wrapper.application; includeInIndex = 0; path = "to do list.app"; sourceTree = BUILT_PRODUCTS_DIR; };
		BD582B7B28AA84D600D4A040 /* AppDelegate.swift */ = {isa = PBXFileReference; lastKnownFileType = sourcecode.swift; path = AppDelegate.swift; sourceTree = "<group>"; };
		BD582B7D28AA84D600D4A040 /* SceneDelegate.swift */ = {isa = PBXFileReference; lastKnownFileType = sourcecode.swift; path = SceneDelegate.swift; sourceTree = "<group>"; };
		BD582B8228AA84D600D4A040 /* Base */ = {isa = PBXFileReference; lastKnownFileType = file.storyboard; name = Base; path = Base.lproj/Main.storyboard; sourceTree = "<group>"; };
		BD582B8528AA84D600D4A040 /* to_do_list.xcdatamodel */ = {isa = PBXFileReference; lastKnownFileType = wrapper.xcdatamodel; path = to_do_list.xcdatamodel; sourceTree = "<group>"; };
		BD582B8728AA84D800D4A040 /* Assets.xcassets */ = {isa = PBXFileReference; lastKnownFileType = folder.assetcatalog; path = Assets.xcassets; sourceTree = "<group>"; };
		BD582B8A28AA84D800D4A040 /* Base */ = {isa = PBXFileReference; lastKnownFileType = file.storyboard; name = Base; path = Base.lproj/LaunchScreen.storyboard; sourceTree = "<group>"; };
		BD582B8C28AA84D800D4A040 /* Info.plist */ = {isa = PBXFileReference; lastKnownFileType = text.plist.xml; path = Info.plist; sourceTree = "<group>"; };
		BD582B9128AA84D800D4A040 /* to do listTests.xctest */ = {isa = PBXFileReference; explicitFileType = wrapper.cfbundle; includeInIndex = 0; path = "to do listTests.xctest"; sourceTree = BUILT_PRODUCTS_DIR; };
		BD582B9528AA84D800D4A040 /* to_do_listTests.swift */ = {isa = PBXFileReference; lastKnownFileType = sourcecode.swift; path = to_do_listTests.swift; sourceTree = "<group>"; };
		BD582B9B28AA84D800D4A040 /* to do listUITests.xctest */ = {isa = PBXFileReference; explicitFileType = wrapper.cfbundle; includeInIndex = 0; path = "to do listUITests.xctest"; sourceTree = BUILT_PRODUCTS_DIR; };
		BD582B9F28AA84D800D4A040 /* to_do_listUITests.swift */ = {isa = PBXFileReference; lastKnownFileType = sourcecode.swift; path = to_do_listUITests.swift; sourceTree = "<group>"; };
		BD582BA128AA84D800D4A040 /* to_do_listUITestsLaunchTests.swift */ = {isa = PBXFileReference; lastKnownFileType = sourcecode.swift; path = to_do_listUITestsLaunchTests.swift; sourceTree = "<group>"; };
		BD582BAE28AA868B00D4A040 /* ToDoTableViewController.swift */ = {isa = PBXFileReference; lastKnownFileType = sourcecode.swift; path = ToDoTableViewController.swift; sourceTree = "<group>"; };
		BD582BB028AA86D100D4A040 /* ToDo.swift */ = {isa = PBXFileReference; lastKnownFileType = sourcecode.swift; path = ToDo.swift; sourceTree = "<group>"; };
/* End PBXFileReference section */

/* Begin PBXFrameworksBuildPhase section */
		BD582B7528AA84D600D4A040 /* Frameworks */ = {
			isa = PBXFrameworksBuildPhase;
			buildActionMask = 2147483647;
			files = (
			);
			runOnlyForDeploymentPostprocessing = 0;
		};
		BD582B8E28AA84D800D4A040 /* Frameworks */ = {
			isa = PBXFrameworksBuildPhase;
			buildActionMask = 2147483647;
			files = (
			);
			runOnlyForDeploymentPostprocessing = 0;
		};
		BD582B9828AA84D800D4A040 /* Frameworks */ = {
			isa = PBXFrameworksBuildPhase;
			buildActionMask = 2147483647;
			files = (
			);
			runOnlyForDeploymentPostprocessing = 0;
		};
/* End PBXFrameworksBuildPhase section */

/* Begin PBXGroup section */
		BD582B6F28AA84D600D4A040 = {
			isa = PBXGroup;
			children = (
				BD582B7A28AA84D600D4A040 /* to do list */,
				BD582B9428AA84D800D4A040 /* to do listTests */,
				BD582B9E28AA84D800D4A040 /* to do listUITests */,
				BD582B7928AA84D600D4A040 /* Products */,
			);
			sourceTree = "<group>";
		};
		BD582B7928AA84D600D4A040 /* Products */ = {
			isa = PBXGroup;
			children = (
				BD582B7828AA84D600D4A040 /* to do list.app */,
				BD582B9128AA84D800D4A040 /* to do listTests.xctest */,
				BD582B9B28AA84D800D4A040 /* to do listUITests.xctest */,
			);
			name = Products;
			sourceTree = "<group>";
		};
		BD582B7A28AA84D600D4A040 /* to do list */ = {
			isa = PBXGroup;
			children = (
				BD582B7B28AA84D600D4A040 /* AppDelegate.swift */,
				BD582B7D28AA84D600D4A040 /* SceneDelegate.swift */,
				BD582B8128AA84D600D4A040 /* Main.storyboard */,
				BD582BB028AA86D100D4A040 /* ToDo.swift */,
				BD582BAE28AA868B00D4A040 /* ToDoTableViewController.swift */,
				BD582B8728AA84D800D4A040 /* Assets.xcassets */,
				BD582B8928AA84D800D4A040 /* LaunchScreen.storyboard */,
				BD582B8C28AA84D800D4A040 /* Info.plist */,
				BD582B8428AA84D600D4A040 /* to_do_list.xcdatamodeld */,
			);
			path = "to do list";
			sourceTree = "<group>";
		};
		BD582B9428AA84D800D4A040 /* to do listTests */ = {
			isa = PBXGroup;
			children = (
				BD582B9528AA84D800D4A040 /* to_do_listTests.swift */,
			);
			path = "to do listTests";
			sourceTree = "<group>";
		};
		BD582B9E28AA84D800D4A040 /* to do listUITests */ = {
			isa = PBXGroup;
			children = (
				BD582B9F28AA84D800D4A040 /* to_do_listUITests.swift */,
				BD582BA128AA84D800D4A040 /* to_do_listUITestsLaunchTests.swift */,
			);
			path = "to do listUITests";
			sourceTree = "<group>";
		};
/* End PBXGroup section */

/* Begin PBXNativeTarget section */
		BD582B7728AA84D600D4A040 /* to do list */ = {
			isa = PBXNativeTarget;
			buildConfigurationList = BD582BA528AA84D800D4A040 /* Build configuration list for PBXNativeTarget "to do list" */;
			buildPhases = (
				BD582B7428AA84D600D4A040 /* Sources */,
				BD582B7528AA84D600D4A040 /* Frameworks */,
				BD582B7628AA84D600D4A040 /* Resources */,
			);
			buildRules = (
			);
			dependencies = (
			);
			name = "to do list";
			productName = "to do list";
			productReference = BD582B7828AA84D600D4A040 /* to do list.app */;
			productType = "com.apple.product-type.application";
		};
		BD582B9028AA84D800D4A040 /* to do listTests */ = {
			isa = PBXNativeTarget;
			buildConfigurationList = BD582BA828AA84D800D4A040 /* Build configuration list for PBXNativeTarget "to do listTests" */;
			buildPhases = (
				BD582B8D28AA84D800D4A040 /* Sources */,
				BD582B8E28AA84D800D4A040 /* Frameworks */,
				BD582B8F28AA84D800D4A040 /* Resources */,
			);
			buildRules = (
			);
			dependencies = (
				BD582B9328AA84D800D4A040 /* PBXTargetDependency */,
			);
			name = "to do listTests";
			productName = "to do listTests";
			productReference = BD582B9128AA84D800D4A040 /* to do listTests.xctest */;
			productType = "com.apple.product-type.bundle.unit-test";
		};
		BD582B9A28AA84D800D4A040 /* to do listUITests */ = {
			isa = PBXNativeTarget;
			buildConfigurationList = BD582BAB28AA84D800D4A040 /* Build configuration list for PBXNativeTarget "to do listUITests" */;
			buildPhases = (
				BD582B9728AA84D800D4A040 /* Sources */,
				BD582B9828AA84D800D4A040 /* Frameworks */,
				BD582B9928AA84D800D4A040 /* Resources */,
			);
			buildRules = (
			);
			dependencies = (
				BD582B9D28AA84D800D4A040 /* PBXTargetDependency */,
			);
			name = "to do listUITests";
			productName = "to do listUITests";
			productReference = BD582B9B28AA84D800D4A040 /* to do listUITests.xctest */;
			productType = "com.apple.product-type.bundle.ui-testing";
		};
/* End PBXNativeTarget section */

/* Begin PBXProject section */
		BD582B7028AA84D600D4A040 /* Project object */ = {
			isa = PBXProject;
			attributes = {
				BuildIndependentTargetsInParallel = 1;
				LastSwiftUpdateCheck = 1340;
				LastUpgradeCheck = 1340;
				TargetAttributes = {
					BD582B7728AA84D600D4A040 = {
						CreatedOnToolsVersion = 13.4.1;
					};
					BD582B9028AA84D800D4A040 = {
						CreatedOnToolsVersion = 13.4.1;
						TestTargetID = BD582B7728AA84D600D4A040;
					};
					BD582B9A28AA84D800D4A040 = {
						CreatedOnToolsVersion = 13.4.1;
						TestTargetID = BD582B7728AA84D600D4A040;
					};
				};
			};
			buildConfigurationList = BD582B7328AA84D600D4A040 /* Build configuration list for PBXProject "to do list" */;
			compatibilityVersion = "Xcode 13.0";
			developmentRegion = en;
			hasScannedForEncodings = 0;
			knownRegions = (
				en,
				Base,
			);
			mainGroup = BD582B6F28AA84D600D4A040;
			productRefGroup = BD582B7928AA84D600D4A040 /* Products */;
			projectDirPath = "";
			projectRoot = "";
			targets = (
				BD582B7728AA84D600D4A040 /* to do list */,
				BD582B9028AA84D800D4A040 /* to do listTests */,
				BD582B9A28AA84D800D4A040 /* to do listUITests */,
			);
		};
/* End PBXProject section */

/* Begin PBXResourcesBuildPhase section */
		BD582B7628AA84D600D4A040 /* Resources */ = {
			isa = PBXResourcesBuildPhase;
			buildActionMask = 2147483647;
			files = (
				BD582B8B28AA84D800D4A040 /* LaunchScreen.storyboard in Resources */,
				BD582B8828AA84D800D4A040 /* Assets.xcassets in Resources */,
				BD582B8328AA84D600D4A040 /* Main.storyboard in Resources */,
			);
			runOnlyForDeploymentPostprocessing = 0;
		};
		BD582B8F28AA84D800D4A040 /* Resources */ = {
			isa = PBXResourcesBuildPhase;
			buildActionMask = 2147483647;
			files = (
			);
			runOnlyForDeploymentPostprocessing = 0;
		};
		BD582B9928AA84D800D4A040 /* Resources */ = {
			isa = PBXResourcesBuildPhase;
			buildActionMask = 2147483647;
			files = (
			);
			runOnlyForDeploymentPostprocessing = 0;
		};
/* End PBXResourcesBuildPhase section */

/* Begin PBXSourcesBuildPhase section */
		BD582B7428AA84D600D4A040 /* Sources */ = {
			isa = PBXSourcesBuildPhase;
			buildActionMask = 2147483647;
			files = (
				BD582B7C28AA84D600D4A040 /* AppDelegate.swift in Sources */,
				BD582BB128AA86D100D4A040 /* ToDo.swift in Sources */,
				BD582BAF28AA868B00D4A040 /* ToDoTableViewController.swift in Sources */,
				BD582B7E28AA84D600D4A040 /* SceneDelegate.swift in Sources */,
				BD582B8628AA84D600D4A040 /* to_do_list.xcdatamodeld in Sources */,
			);
			runOnlyForDeploymentPostprocessing = 0;
		};
		BD582B8D28AA84D800D4A040 /* Sources */ = {
			isa = PBXSourcesBuildPhase;
			buildActionMask = 2147483647;
			files = (
				BD582B9628AA84D800D4A040 /* to_do_listTests.swift in Sources */,
			);
			runOnlyForDeploymentPostprocessing = 0;
		};
		BD582B9728AA84D800D4A040 /* Sources */ = {
			isa = PBXSourcesBuildPhase;
			buildActionMask = 2147483647;
			files = (
				BD582BA228AA84D800D4A040 /* to_do_listUITestsLaunchTests.swift in Sources */,
				BD582BA028AA84D800D4A040 /* to_do_listUITests.swift in Sources */,
			);
			runOnlyForDeploymentPostprocessing = 0;
		};
/* End PBXSourcesBuildPhase section */

/* Begin PBXTargetDependency section */
		BD582B9328AA84D800D4A040 /* PBXTargetDependency */ = {
			isa = PBXTargetDependency;
			target = BD582B7728AA84D600D4A040 /* to do list */;
			targetProxy = BD582B9228AA84D800D4A040 /* PBXContainerItemProxy */;
		};
		BD582B9D28AA84D800D4A040 /* PBXTargetDependency */ = {
			isa = PBXTargetDependency;
			target = BD582B7728AA84D600D4A040 /* to do list */;
			targetProxy = BD582B9C28AA84D800D4A040 /* PBXContainerItemProxy */;
		};
/* End PBXTargetDependency section */

/* Begin PBXVariantGroup section */
		BD582B8128AA84D600D4A040 /* Main.storyboard */ = {
			isa = PBXVariantGroup;
			children = (
				BD582B8228AA84D600D4A040 /* Base */,
			);
			name = Main.storyboard;
			sourceTree = "<group>";
		};
		BD582B8928AA84D800D4A040 /* LaunchScreen.storyboard */ = {
			isa = PBXVariantGroup;
			children = (
				BD582B8A28AA84D800D4A040 /* Base */,
			);
			name = LaunchScreen.storyboard;
			sourceTree = "<group>";
		};
/* End PBXVariantGroup section */

/* Begin XCBuildConfiguration section */
		BD582BA328AA84D800D4A040 /* Debug */ = {
			isa = XCBuildConfiguration;
			buildSettings = {
				ALWAYS_SEARCH_USER_PATHS = NO;
				CLANG_ANALYZER_NONNULL = YES;
				CLANG_ANALYZER_NUMBER_OBJECT_CONVERSION = YES_AGGRESSIVE;
				CLANG_CXX_LANGUAGE_STANDARD = "gnu++17";
				CLANG_ENABLE_MODULES = YES;
				CLANG_ENABLE_OBJC_ARC = YES;
				CLANG_ENABLE_OBJC_WEAK = YES;
				CLANG_WARN_BLOCK_CAPTURE_AUTORELEASING = YES;
				CLANG_WARN_BOOL_CONVERSION = YES;
				CLANG_WARN_COMMA = YES;
				CLANG_WARN_CONSTANT_CONVERSION = YES;
				CLANG_WARN_DEPRECATED_OBJC_IMPLEMENTATIONS = YES;
				CLANG_WARN_DIRECT_OBJC_ISA_USAGE = YES_ERROR;
				CLANG_WARN_DOCUMENTATION_COMMENTS = YES;
				CLANG_WARN_EMPTY_BODY = YES;
				CLANG_WARN_ENUM_CONVERSION = YES;
				CLANG_WARN_INFINITE_RECURSION = YES;
				CLANG_WARN_INT_CONVERSION = YES;
				CLANG_WARN_NON_LITERAL_NULL_CONVERSION = YES;
				CLANG_WARN_OBJC_IMPLICIT_RETAIN_SELF = YES;
				CLANG_WARN_OBJC_LITERAL_CONVERSION = YES;
				CLANG_WARN_OBJC_ROOT_CLASS = YES_ERROR;
				CLANG_WARN_QUOTED_INCLUDE_IN_FRAMEWORK_HEADER = YES;
				CLANG_WARN_RANGE_LOOP_ANALYSIS = YES;
				CLANG_WARN_STRICT_PROTOTYPES = YES;
				CLANG_WARN_SUSPICIOUS_MOVE = YES;
				CLANG_WARN_UNGUARDED_AVAILABILITY = YES_AGGRESSIVE;
				CLANG_WARN_UNREACHABLE_CODE = YES;
				CLANG_WARN__DUPLICATE_METHOD_MATCH = YES;
				COPY_PHASE_STRIP = NO;
				DEBUG_INFORMATION_FORMAT = dwarf;
				ENABLE_STRICT_OBJC_MSGSEND = YES;
				ENABLE_TESTABILITY = YES;
				GCC_C_LANGUAGE_STANDARD = gnu11;
				GCC_DYNAMIC_NO_PIC = NO;
				GCC_NO_COMMON_BLOCKS = YES;
				GCC_OPTIMIZATION_LEVEL = 0;
				GCC_PREPROCESSOR_DEFINITIONS = (
					"DEBUG=1",
					"$(inherited)",
				);
				GCC_WARN_64_TO_32_BIT_CONVERSION = YES;
				GCC_WARN_ABOUT_RETURN_TYPE = YES_ERROR;
				GCC_WARN_UNDECLARED_SELECTOR = YES;
				GCC_WARN_UNINITIALIZED_AUTOS = YES_AGGRESSIVE;
				GCC_WARN_UNUSED_FUNCTION = YES;
				GCC_WARN_UNUSED_VARIABLE = YES;
				IPHONEOS_DEPLOYMENT_TARGET = 15.5;
				MTL_ENABLE_DEBUG_INFO = INCLUDE_SOURCE;
				MTL_FAST_MATH = YES;
				ONLY_ACTIVE_ARCH = YES;
				SDKROOT = iphoneos;
				SWIFT_ACTIVE_COMPILATION_CONDITIONS = DEBUG;
				SWIFT_OPTIMIZATION_LEVEL = "-Onone";
			};
			name = Debug;
		};
		BD582BA428AA84D800D4A040 /* Release */ = {
			isa = XCBuildConfiguration;
			buildSettings = {
				ALWAYS_SEARCH_USER_PATHS = NO;
				CLANG_ANALYZER_NONNULL = YES;
				CLANG_ANALYZER_NUMBER_OBJECT_CONVERSION = YES_AGGRESSIVE;
				CLANG_CXX_LANGUAGE_STANDARD = "gnu++17";
				CLANG_ENABLE_MODULES = YES;
				CLANG_ENABLE_OBJC_ARC = YES;
				CLANG_ENABLE_OBJC_WEAK = YES;
				CLANG_WARN_BLOCK_CAPTURE_AUTORELEASING = YES;
				CLANG_WARN_BOOL_CONVERSION = YES;
				CLANG_WARN_COMMA = YES;
				CLANG_WARN_CONSTANT_CONVERSION = YES;
				CLANG_WARN_DEPRECATED_OBJC_IMPLEMENTATIONS = YES;
				CLANG_WARN_DIRECT_OBJC_ISA_USAGE = YES_ERROR;
				CLANG_WARN_DOCUMENTATION_COMMENTS = YES;
				CLANG_WARN_EMPTY_BODY = YES;
				CLANG_WARN_ENUM_CONVERSION = YES;
				CLANG_WARN_INFINITE_RECURSION = YES;
				CLANG_WARN_INT_CONVERSION = YES;
				CLANG_WARN_NON_LITERAL_NULL_CONVERSION = YES;
				CLANG_WARN_OBJC_IMPLICIT_RETAIN_SELF = YES;
				CLANG_WARN_OBJC_LITERAL_CONVERSION = YES;
				CLANG_WARN_OBJC_ROOT_CLASS = YES_ERROR;
				CLANG_WARN_QUOTED_INCLUDE_IN_FRAMEWORK_HEADER = YES;
				CLANG_WARN_RANGE_LOOP_ANALYSIS = YES;
				CLANG_WARN_STRICT_PROTOTYPES = YES;
				CLANG_WARN_SUSPICIOUS_MOVE = YES;
				CLANG_WARN_UNGUARDED_AVAILABILITY = YES_AGGRESSIVE;
				CLANG_WARN_UNREACHABLE_CODE = YES;
				CLANG_WARN__DUPLICATE_METHOD_MATCH = YES;
				COPY_PHASE_STRIP = NO;
				DEBUG_INFORMATION_FORMAT = "dwarf-with-dsym";
				ENABLE_NS_ASSERTIONS = NO;
				ENABLE_STRICT_OBJC_MSGSEND = YES;
				GCC_C_LANGUAGE_STANDARD = gnu11;
				GCC_NO_COMMON_BLOCKS = YES;
				GCC_WARN_64_TO_32_BIT_CONVERSION = YES;
				GCC_WARN_ABOUT_RETURN_TYPE = YES_ERROR;
				GCC_WARN_UNDECLARED_SELECTOR = YES;
				GCC_WARN_UNINITIALIZED_AUTOS = YES_AGGRESSIVE;
				GCC_WARN_UNUSED_FUNCTION = YES;
				GCC_WARN_UNUSED_VARIABLE = YES;
				IPHONEOS_DEPLOYMENT_TARGET = 15.5;
				MTL_ENABLE_DEBUG_INFO = NO;
				MTL_FAST_MATH = YES;
				SDKROOT = iphoneos;
				SWIFT_COMPILATION_MODE = wholemodule;
				SWIFT_OPTIMIZATION_LEVEL = "-O";
				VALIDATE_PRODUCT = YES;
			};
			name = Release;
		};
		BD582BA628AA84D800D4A040 /* Debug */ = {
			isa = XCBuildConfiguration;
			buildSettings = {
				ASSETCATALOG_COMPILER_APPICON_NAME = AppIcon;
				ASSETCATALOG_COMPILER_GLOBAL_ACCENT_COLOR_NAME = AccentColor;
				CODE_SIGN_STYLE = Automatic;
				CURRENT_PROJECT_VERSION = 1;
				GENERATE_INFOPLIST_FILE = YES;
				INFOPLIST_FILE = "to do list/Info.plist";
				INFOPLIST_KEY_UIApplicationSupportsIndirectInputEvents = YES;
				INFOPLIST_KEY_UILaunchStoryboardName = LaunchScreen;
				INFOPLIST_KEY_UIMainStoryboardFile = Main;
				INFOPLIST_KEY_UISupportedInterfaceOrientations_iPad = "UIInterfaceOrientationPortrait UIInterfaceOrientationPortraitUpsideDown UIInterfaceOrientationLandscapeLeft UIInterfaceOrientationLandscapeRight";
				INFOPLIST_KEY_UISupportedInterfaceOrientations_iPhone = "UIInterfaceOrientationPortrait UIInterfaceOrientationLandscapeLeft UIInterfaceOrientationLandscapeRight";
				LD_RUNPATH_SEARCH_PATHS = (
					"$(inherited)",
					"@executable_path/Frameworks",
				);
				MARKETING_VERSION = 1.0;
				PRODUCT_BUNDLE_IDENTIFIER = "kwk.to-do-list";
				PRODUCT_NAME = "$(TARGET_NAME)";
				SWIFT_EMIT_LOC_STRINGS = YES;
				SWIFT_VERSION = 5.0;
				TARGETED_DEVICE_FAMILY = "1,2";
			};
			name = Debug;
		};
		BD582BA728AA84D800D4A040 /* Release */ = {
			isa = XCBuildConfiguration;
			buildSettings = {
				ASSETCATALOG_COMPILER_APPICON_NAME = AppIcon;
				ASSETCATALOG_COMPILER_GLOBAL_ACCENT_COLOR_NAME = AccentColor;
				CODE_SIGN_STYLE = Automatic;
				CURRENT_PROJECT_VERSION = 1;
				GENERATE_INFOPLIST_FILE = YES;
				INFOPLIST_FILE = "to do list/Info.plist";
				INFOPLIST_KEY_UIApplicationSupportsIndirectInputEvents = YES;
				INFOPLIST_KEY_UILaunchStoryboardName = LaunchScreen;
				INFOPLIST_KEY_UIMainStoryboardFile = Main;
				INFOPLIST_KEY_UISupportedInterfaceOrientations_iPad = "UIInterfaceOrientationPortrait UIInterfaceOrientationPortraitUpsideDown UIInterfaceOrientationLandscapeLeft UIInterfaceOrientationLandscapeRight";
				INFOPLIST_KEY_UISupportedInterfaceOrientations_iPhone = "UIInterfaceOrientationPortrait UIInterfaceOrientationLandscapeLeft UIInterfaceOrientationLandscapeRight";
				LD_RUNPATH_SEARCH_PATHS = (
					"$(inherited)",
					"@executable_path/Frameworks",
				);
				MARKETING_VERSION = 1.0;
				PRODUCT_BUNDLE_IDENTIFIER = "kwk.to-do-list";
				PRODUCT_NAME = "$(TARGET_NAME)";
				SWIFT_EMIT_LOC_STRINGS = YES;
				SWIFT_VERSION = 5.0;
				TARGETED_DEVICE_FAMILY = "1,2";
			};
			name = Release;
		};
		BD582BA928AA84D800D4A040 /* Debug */ = {
			isa = XCBuildConfiguration;
			buildSettings = {
				ALWAYS_EMBED_SWIFT_STANDARD_LIBRARIES = YES;
				BUNDLE_LOADER = "$(TEST_HOST)";
				CODE_SIGN_STYLE = Automatic;
				CURRENT_PROJECT_VERSION = 1;
				GENERATE_INFOPLIST_FILE = YES;
				IPHONEOS_DEPLOYMENT_TARGET = 15.5;
				MARKETING_VERSION = 1.0;
				PRODUCT_BUNDLE_IDENTIFIER = "kwk.to-do-listTests";
				PRODUCT_NAME = "$(TARGET_NAME)";
				SWIFT_EMIT_LOC_STRINGS = NO;
				SWIFT_VERSION = 5.0;
				TARGETED_DEVICE_FAMILY = "1,2";
				TEST_HOST = "$(BUILT_PRODUCTS_DIR)/to do list.app/to do list";
			};
			name = Debug;
		};
		BD582BAA28AA84D800D4A040 /* Release */ = {
			isa = XCBuildConfiguration;
			buildSettings = {
				ALWAYS_EMBED_SWIFT_STANDARD_LIBRARIES = YES;
				BUNDLE_LOADER = "$(TEST_HOST)";
				CODE_SIGN_STYLE = Automatic;
				CURRENT_PROJECT_VERSION = 1;
				GENERATE_INFOPLIST_FILE = YES;
				IPHONEOS_DEPLOYMENT_TARGET = 15.5;
				MARKETING_VERSION = 1.0;
				PRODUCT_BUNDLE_IDENTIFIER = "kwk.to-do-listTests";
				PRODUCT_NAME = "$(TARGET_NAME)";
				SWIFT_EMIT_LOC_STRINGS = NO;
				SWIFT_VERSION = 5.0;
				TARGETED_DEVICE_FAMILY = "1,2";
				TEST_HOST = "$(BUILT_PRODUCTS_DIR)/to do list.app/to do list";
			};
			name = Release;
		};
		BD582BAC28AA84D800D4A040 /* Debug */ = {
			isa = XCBuildConfiguration;
			buildSettings = {
				ALWAYS_EMBED_SWIFT_STANDARD_LIBRARIES = YES;
				CODE_SIGN_STYLE = Automatic;
				CURRENT_PROJECT_VERSION = 1;
				GENERATE_INFOPLIST_FILE = YES;
				MARKETING_VERSION = 1.0;
				PRODUCT_BUNDLE_IDENTIFIER = "kwk.to-do-listUITests";
				PRODUCT_NAME = "$(TARGET_NAME)";
				SWIFT_EMIT_LOC_STRINGS = NO;
				SWIFT_VERSION = 5.0;
				TARGETED_DEVICE_FAMILY = "1,2";
				TEST_TARGET_NAME = "to do list";
			};
			name = Debug;
		};
		BD582BAD28AA84D800D4A040 /* Release */ = {
			isa = XCBuildConfiguration;
			buildSettings = {
				ALWAYS_EMBED_SWIFT_STANDARD_LIBRARIES = YES;
				CODE_SIGN_STYLE = Automatic;
				CURRENT_PROJECT_VERSION = 1;
				GENERATE_INFOPLIST_FILE = YES;
				MARKETING_VERSION = 1.0;
				PRODUCT_BUNDLE_IDENTIFIER = "kwk.to-do-listUITests";
				PRODUCT_NAME = "$(TARGET_NAME)";
				SWIFT_EMIT_LOC_STRINGS = NO;
				SWIFT_VERSION = 5.0;
				TARGETED_DEVICE_FAMILY = "1,2";
				TEST_TARGET_NAME = "to do list";
			};
			name = Release;
		};
/* End XCBuildConfiguration section */

/* Begin XCConfigurationList section */
		BD582B7328AA84D600D4A040 /* Build configuration list for PBXProject "to do list" */ = {
			isa = XCConfigurationList;
			buildConfigurations = (
				BD582BA328AA84D800D4A040 /* Debug */,
				BD582BA428AA84D800D4A040 /* Release */,
			);
			defaultConfigurationIsVisible = 0;
			defaultConfigurationName = Release;
		};
		BD582BA528AA84D800D4A040 /* Build configuration list for PBXNativeTarget "to do list" */ = {
			isa = XCConfigurationList;
			buildConfigurations = (
				BD582BA628AA84D800D4A040 /* Debug */,
				BD582BA728AA84D800D4A040 /* Release */,
			);
			defaultConfigurationIsVisible = 0;
			defaultConfigurationName = Release;
		};
		BD582BA828AA84D800D4A040 /* Build configuration list for PBXNativeTarget "to do listTests" */ = {
			isa = XCConfigurationList;
			buildConfigurations = (
				BD582BA928AA84D800D4A040 /* Debug */,
				BD582BAA28AA84D800D4A040 /* Release */,
			);
			defaultConfigurationIsVisible = 0;
			defaultConfigurationName = Release;
		};
		BD582BAB28AA84D800D4A040 /* Build configuration list for PBXNativeTarget "to do listUITests" */ = {
			isa = XCConfigurationList;
			buildConfigurations = (
				BD582BAC28AA84D800D4A040 /* Debug */,
				BD582BAD28AA84D800D4A040 /* Release */,
			);
			defaultConfigurationIsVisible = 0;
			defaultConfigurationName = Release;
		};
/* End XCConfigurationList section */

/* Begin XCVersionGroup section */
		BD582B8428AA84D600D4A040 /* to_do_list.xcdatamodeld */ = {
			isa = XCVersionGroup;
			children = (
				BD582B8528AA84D600D4A040 /* to_do_list.xcdatamodel */,
			);
			currentVersion = BD582B8528AA84D600D4A040 /* to_do_list.xcdatamodel */;
			path = to_do_list.xcdatamodeld;
			sourceTree = "<group>";
			versionGroupType = wrapper.xcdatamodel;
		};
/* End XCVersionGroup section */
	};
	rootObject = BD582B7028AA84D600D4A040 /* Project object */;
}
